
Microsoft Visual Studio Solution File, Format Version 12.00
# Visual Studio Version 16
VisualStudioVersion = 16.0.31911.196
MinimumVisualStudioVersion = 10.0.40219.1
Project("{8BC9CEB8-8B4A-11D0-8D11-00A0C91BC942}") = "TCPServer", "TCPServer\TCPServer.vcxproj", "{F06BF9BB-1840-4EE1-B4F7-2D2D37896C1C}"
EndProject
Project("{8BC9CEB8-8B4A-11D0-8D11-00A0C91BC942}") = "TestHarnessClient", "TestHarnessClient\TestHarnessClient.vcxproj", "{C30AFD4A-2968-4B05-92DB-624F7B6F2B2A}"
EndProject
Global
	GlobalSection(SolutionConfigurationPlatforms) = preSolution
		Debug|x64 = Debug|x64
		Debug|x86 = Debug|x86
		Release|x64 = Release|x64
		Release|x86 = Release|x86
	EndGlobalSection
	GlobalSection(ProjectConfigurationPlatforms) = postSolution
		{F06BF9BB-1840-4EE1-B4F7-2D2D37896C1C}.Debug|x64.ActiveCfg = Debug|x64
		{F06BF9BB-1840-4EE1-B4F7-2D2D37896C1C}.Debug|x64.Build.0 = Debug|x64
		{F06BF9BB-1840-4EE1-B4F7-2D2D37896C1C}.Debug|x86.ActiveCfg = Debug|Win32
		{F06BF9BB-1840-4EE1-B4F7-2D2D37896C1C}.Debug|x86.Build.0 = Debug|Win32
		{F06BF9BB-1840-4EE1-B4F7-2D2D37896C1C}.Release|x64.ActiveCfg = Release|x64
		{F06BF9BB-1840-4EE1-B4F7-2D2D37896C1C}.Release|x64.Build.0 = Release|x64
		{F06BF9BB-1840-4EE1-B4F7-2D2D37896C1C}.Release|x86.ActiveCfg = Release|Win32
		{F06BF9BB-1840-4EE1-B4F7-2D2D37896C1C}.Release|x86.Build.0 = Release|Win32
		{C30AFD4A-2968-4B05-92DB-624F7B6F2B2A}.Debug|x64.ActiveCfg = Debug|x64
		{C30AFD4A-2968-4B05-92DB-624F7B6F2B2A}.Debug|x64.Build.0 = Debug|x64
		{C30AFD4A-2968-4B05-92DB-624F7B6F2B2A}.Debug|x86.ActiveCfg = Debug|Win32
		{C30AFD4A-2968-4B05-92DB-624F7B6F2B2A}.Debug|x86.Build.0 = Debug|Win32
		{C30AFD4A-2968-4B05-92DB-624F7B6F2B2A}.Release|x64.ActiveCfg = Release|x64
		{C30AFD4A-2968-4B05-92DB-624F7B6F2B2A}.Release|x64.Build.0 = Release|x64
		{C30AFD4A-2968-4B05-92DB-624F7B6F2B2A}.Release|x86.ActiveCfg = Release|Win32
		{C30AFD4A-2968-4B05-92DB-624F7B6F2B2A}.Release|x86.Build.0 = Release|Win32
	EndGlobalSection
	GlobalSection(SolutionProperties) = preSolution
		HideSolutionNode = FALSE
	EndGlobalSection
	GlobalSection(ExtensibilityGlobals) = postSolution
		SolutionGuid = {31A05F50-0BF7-4835-B759-93C5C60B73AC}
	EndGlobalSection
EndGlobal
